
Microsoft Visual Studio Solution File, Format Version 12.00
# Visual Studio Version 17
VisualStudioVersion = 17.1.32210.238
MinimumVisualStudioVersion = 10.0.40219.1
Project("{FAE04EC0-301F-11D3-BF4B-00C04F79EFBC}") = "HomeWork-Introdaction", "HomeWork-Introdaction\HomeWork-Introdaction.csproj", "{9EAF75AA-5FCD-48F2-BB9D-CA83F8A5A101}"
EndProject
Global
	GlobalSection(SolutionConfigurationPlatforms) = preSolution
		Debug|Any CPU = Debug|Any CPU
		Release|Any CPU = Release|Any CPU
	EndGlobalSection
	GlobalSection(ProjectConfigurationPlatforms) = postSolution
		{9EAF75AA-5FCD-48F2-BB9D-CA83F8A5A101}.Debug|Any CPU.ActiveCfg = Debug|Any CPU
		{9EAF75AA-5FCD-48F2-BB9D-CA83F8A5A101}.Debug|Any CPU.Build.0 = Debug|Any CPU
		{9EAF75AA-5FCD-48F2-BB9D-CA83F8A5A101}.Release|Any CPU.ActiveCfg = Release|Any CPU
		{9EAF75AA-5FCD-48F2-BB9D-CA83F8A5A101}.Release|Any CPU.Build.0 = Release|Any CPU
	EndGlobalSection
	GlobalSection(SolutionProperties) = preSolution
		HideSolutionNode = FALSE
	EndGlobalSection
	GlobalSection(ExtensibilityGlobals) = postSolution
		SolutionGuid = {2A542F20-F15B-4DFE-9A14-05667231E199}
	EndGlobalSection
EndGlobal
